
Microsoft Visual Studio Solution File, Format Version 12.00
# Visual Studio Version 16
VisualStudioVersion = 16.0.32901.82
MinimumVisualStudioVersion = 10.0.40219.1
Project("{FAE04EC0-301F-11D3-BF4B-00C04F79EFBC}") = "Pr3_003", "Pr3_003.csproj", "{95616A48-4B43-4888-9264-100C9F1353B3}"
EndProject
Global
	GlobalSection(SolutionConfigurationPlatforms) = preSolution
		Debug|Any CPU = Debug|Any CPU
		Release|Any CPU = Release|Any CPU
	EndGlobalSection
	GlobalSection(ProjectConfigurationPlatforms) = postSolution
		{95616A48-4B43-4888-9264-100C9F1353B3}.Debug|Any CPU.ActiveCfg = Debug|Any CPU
		{95616A48-4B43-4888-9264-100C9F1353B3}.Debug|Any CPU.Build.0 = Debug|Any CPU
		{95616A48-4B43-4888-9264-100C9F1353B3}.Release|Any CPU.ActiveCfg = Release|Any CPU
		{95616A48-4B43-4888-9264-100C9F1353B3}.Release|Any CPU.Build.0 = Release|Any CPU
	EndGlobalSection
	GlobalSection(SolutionProperties) = preSolution
		HideSolutionNode = FALSE
	EndGlobalSection
	GlobalSection(ExtensibilityGlobals) = postSolution
		SolutionGuid = {F6A1153B-6EAD-410D-B05A-18ACEDEE4659}
	EndGlobalSection
EndGlobal
